
Microsoft Visual Studio Solution File, Format Version 12.00
# Visual Studio Version 16
VisualStudioVersion = 16.0.31515.178
MinimumVisualStudioVersion = 10.0.40219.1
Project("{FAE04EC0-301F-11D3-BF4B-00C04F79EFBC}") = "servercs", "servercs\servercs.csproj", "{7A3C1AFE-530D-496E-BAE2-3F897E98CAEE}"
EndProject
Global
	GlobalSection(SolutionConfigurationPlatforms) = preSolution
		Debug|Any CPU = Debug|Any CPU
		Release|Any CPU = Release|Any CPU
	EndGlobalSection
	GlobalSection(ProjectConfigurationPlatforms) = postSolution
		{7A3C1AFE-530D-496E-BAE2-3F897E98CAEE}.Debug|Any CPU.ActiveCfg = Debug|Any CPU
		{7A3C1AFE-530D-496E-BAE2-3F897E98CAEE}.Debug|Any CPU.Build.0 = Debug|Any CPU
		{7A3C1AFE-530D-496E-BAE2-3F897E98CAEE}.Release|Any CPU.ActiveCfg = Release|Any CPU
		{7A3C1AFE-530D-496E-BAE2-3F897E98CAEE}.Release|Any CPU.Build.0 = Release|Any CPU
	EndGlobalSection
	GlobalSection(SolutionProperties) = preSolution
		HideSolutionNode = FALSE
	EndGlobalSection
	GlobalSection(ExtensibilityGlobals) = postSolution
		SolutionGuid = {77B3E88A-ABE4-4E06-AF3C-E7F9D6E98D1F}
	EndGlobalSection
EndGlobal
